
Microsoft Visual Studio Solution File, Format Version 12.00
# Visual Studio 14
VisualStudioVersion = 14.0.23107.0
MinimumVisualStudioVersion = 10.0.40219.1
Project("{FAE04EC0-301F-11D3-BF4B-00C04F79EFBC}") = "View", "View\View.csproj", "{C713CBF8-14AC-47CF-8EE9-BDD5ECDA9B72}"
EndProject
Project("{FAE04EC0-301F-11D3-BF4B-00C04F79EFBC}") = "Model", "Model\Model.csproj", "{10A9360B-E7C5-468E-BA49-24BACA8A7907}"
EndProject
Global
	GlobalSection(SolutionConfigurationPlatforms) = preSolution
		Debug|Any CPU = Debug|Any CPU
		Release|Any CPU = Release|Any CPU
	EndGlobalSection
	GlobalSection(ProjectConfigurationPlatforms) = postSolution
		{C713CBF8-14AC-47CF-8EE9-BDD5ECDA9B72}.Debug|Any CPU.ActiveCfg = Debug|Any CPU
		{C713CBF8-14AC-47CF-8EE9-BDD5ECDA9B72}.Debug|Any CPU.Build.0 = Debug|Any CPU
		{C713CBF8-14AC-47CF-8EE9-BDD5ECDA9B72}.Release|Any CPU.ActiveCfg = Release|Any CPU
		{C713CBF8-14AC-47CF-8EE9-BDD5ECDA9B72}.Release|Any CPU.Build.0 = Release|Any CPU
		{10A9360B-E7C5-468E-BA49-24BACA8A7907}.Debug|Any CPU.ActiveCfg = Debug|Any CPU
		{10A9360B-E7C5-468E-BA49-24BACA8A7907}.Debug|Any CPU.Build.0 = Debug|Any CPU
		{10A9360B-E7C5-468E-BA49-24BACA8A7907}.Release|Any CPU.ActiveCfg = Release|Any CPU
		{10A9360B-E7C5-468E-BA49-24BACA8A7907}.Release|Any CPU.Build.0 = Release|Any CPU
	EndGlobalSection
	GlobalSection(SolutionProperties) = preSolution
		HideSolutionNode = FALSE
	EndGlobalSection
EndGlobal
